
Microsoft Visual Studio Solution File, Format Version 12.00
# Visual Studio Version 16
VisualStudioVersion = 16.0.31105.61
MinimumVisualStudioVersion = 10.0.40219.1
Project("{FAE04EC0-301F-11D3-BF4B-00C04F79EFBC}") = "Excs05And06.Android", "Excs05And06\Excs05And06.Android\Excs05And06.Android.csproj", "{ED3327B1-1EE9-4473-A8BC-130EBDABDC45}"
EndProject
Project("{FAE04EC0-301F-11D3-BF4B-00C04F79EFBC}") = "Excs05And06", "Excs05And06\Excs05And06\Excs05And06.csproj", "{B43F1F04-AECD-4C65-AB1B-B383075659A2}"
EndProject
Global
	GlobalSection(SolutionConfigurationPlatforms) = preSolution
		Debug|Any CPU = Debug|Any CPU
		Release|Any CPU = Release|Any CPU
	EndGlobalSection
	GlobalSection(ProjectConfigurationPlatforms) = postSolution
		{ED3327B1-1EE9-4473-A8BC-130EBDABDC45}.Debug|Any CPU.ActiveCfg = Debug|Any CPU
		{ED3327B1-1EE9-4473-A8BC-130EBDABDC45}.Debug|Any CPU.Build.0 = Debug|Any CPU
		{ED3327B1-1EE9-4473-A8BC-130EBDABDC45}.Debug|Any CPU.Deploy.0 = Debug|Any CPU
		{ED3327B1-1EE9-4473-A8BC-130EBDABDC45}.Release|Any CPU.ActiveCfg = Release|Any CPU
		{ED3327B1-1EE9-4473-A8BC-130EBDABDC45}.Release|Any CPU.Build.0 = Release|Any CPU
		{ED3327B1-1EE9-4473-A8BC-130EBDABDC45}.Release|Any CPU.Deploy.0 = Release|Any CPU
		{B43F1F04-AECD-4C65-AB1B-B383075659A2}.Debug|Any CPU.ActiveCfg = Debug|Any CPU
		{B43F1F04-AECD-4C65-AB1B-B383075659A2}.Debug|Any CPU.Build.0 = Debug|Any CPU
		{B43F1F04-AECD-4C65-AB1B-B383075659A2}.Debug|Any CPU.Deploy.0 = Debug|Any CPU
		{B43F1F04-AECD-4C65-AB1B-B383075659A2}.Release|Any CPU.ActiveCfg = Release|Any CPU
		{B43F1F04-AECD-4C65-AB1B-B383075659A2}.Release|Any CPU.Build.0 = Release|Any CPU
		{B43F1F04-AECD-4C65-AB1B-B383075659A2}.Release|Any CPU.Deploy.0 = Release|Any CPU
	EndGlobalSection
	GlobalSection(SolutionProperties) = preSolution
		HideSolutionNode = FALSE
	EndGlobalSection
	GlobalSection(ExtensibilityGlobals) = postSolution
		SolutionGuid = {83E2FBB1-2AC6-4193-868A-11C4230F1452}
	EndGlobalSection
EndGlobal
